
Microsoft Visual Studio Solution File, Format Version 12.00
# Visual Studio Version 16
VisualStudioVersion = 16.0.29215.179
MinimumVisualStudioVersion = 10.0.40219.1
Project("{FAE04EC0-301F-11D3-BF4B-00C04F79EFBC}") = "EBDemo", "EBDemo.csproj", "{20672F60-4D6D-4532-831F-A14FAF50F077}"
EndProject
Global
	GlobalSection(SolutionConfigurationPlatforms) = preSolution
		Debug|Any CPU = Debug|Any CPU
		Release|Any CPU = Release|Any CPU
	EndGlobalSection
	GlobalSection(ProjectConfigurationPlatforms) = postSolution
		{20672F60-4D6D-4532-831F-A14FAF50F077}.Debug|Any CPU.ActiveCfg = Debug|Any CPU
		{20672F60-4D6D-4532-831F-A14FAF50F077}.Debug|Any CPU.Build.0 = Debug|Any CPU
		{20672F60-4D6D-4532-831F-A14FAF50F077}.Release|Any CPU.ActiveCfg = Release|Any CPU
		{20672F60-4D6D-4532-831F-A14FAF50F077}.Release|Any CPU.Build.0 = Release|Any CPU
	EndGlobalSection
	GlobalSection(SolutionProperties) = preSolution
		HideSolutionNode = FALSE
	EndGlobalSection
	GlobalSection(ExtensibilityGlobals) = postSolution
		SolutionGuid = {8D27528A-A53C-4027-AF6B-4BD8F92CB9F3}
	EndGlobalSection
EndGlobal
